{
  "version": 4,
  "terraform_version": "1.6.5",
  "serial": 20,
  "lineage": "0c6a9ea7-0b93-49fe-ea45-0e21b289acc6",
  "outputs": {},
  "resources": [
    {
      "mode": "managed",
      "type": "azurerm_app_service",
      "name": "webapp",
      "provider": "provider[\"registry.terraform.io/hashicorp/azurerm\"]",
      "instances": [
        {
          "schema_version": 0,
          "attributes": {
            "app_service_plan_id": "/subscriptions/e056be9e-483c-45f4-88aa-f779c1651c77/resourceGroups/DEFinal/providers/Microsoft.Web/serverfarms/FinalDataEngineering2023OsamaAhmed",
            "app_settings": {
              "DOCKER_REGISTRY_SERVER_URL": "https://index.docker.io/v1",
              "WEBSITES_ENABLE_APP_SERVICE_STORAGE": "false",
              "WEBSITES_PORT": "8080"
            },
            "auth_settings": [
              {
                "active_directory": [],
                "additional_login_params": {},
                "allowed_external_redirect_urls": [],
                "default_provider": "",
                "enabled": false,
                "facebook": [],
                "google": [],
                "issuer": "",
                "microsoft": [],
                "runtime_version": "",
                "token_refresh_extension_hours": 0,
                "token_store_enabled": false,
                "twitter": [],
                "unauthenticated_client_action": ""
              }
            ],
            "backup": [],
            "client_affinity_enabled": false,
            "client_cert_enabled": false,
            "client_cert_mode": "Required",
            "connection_string": [],
            "custom_domain_verification_id": "95AAB2CC2224C9009C9BDB99D446F165A21E4FDECA5B96E7DD6E8472E34D7E13",
            "default_site_hostname": "nbastatsdash.azurewebsites.net",
            "enabled": true,
            "https_only": true,
            "id": "/subscriptions/e056be9e-483c-45f4-88aa-f779c1651c77/resourceGroups/DEFinal/providers/Microsoft.Web/sites/NBAStatsDash",
            "identity": [],
            "key_vault_reference_identity_id": "SystemAssigned",
            "location": "japaneast",
            "logs": [
              {
                "application_logs": [
                  {
                    "azure_blob_storage": [],
                    "file_system_level": "Off"
                  }
                ],
                "detailed_error_messages_enabled": false,
                "failed_request_tracing_enabled": false,
                "http_logs": [
                  {
                    "azure_blob_storage": [],
                    "file_system": []
                  }
                ]
              }
            ],
            "name": "NBAStatsDash",
            "outbound_ip_address_list": [
              "4.241.144.242",
              "4.241.144.249",
              "4.241.144.252",
              "20.27.135.16",
              "20.27.135.198",
              "4.241.145.19",
              "20.210.64.10"
            ],
            "outbound_ip_addresses": "4.241.144.242,4.241.144.249,4.241.144.252,20.27.135.16,20.27.135.198,4.241.145.19,20.210.64.10",
            "possible_outbound_ip_address_list": [
              "20.27.132.158",
              "4.241.144.135",
              "20.27.133.165",
              "4.241.144.136",
              "4.241.144.150",
              "4.241.144.158",
              "4.241.144.179",
              "4.241.144.187",
              "4.241.144.199",
              "4.241.144.219",
              "4.241.144.235",
              "4.241.144.237",
              "4.241.144.242",
              "4.241.144.249",
              "4.241.144.252",
              "20.27.135.16",
              "20.27.135.198",
              "4.241.145.19",
              "20.27.135.194",
              "20.27.135.246",
              "4.241.145.67",
              "20.27.135.253",
              "4.241.145.74",
              "4.241.145.78",
              "20.210.64.10"
            ],
            "possible_outbound_ip_addresses": "20.27.132.158,4.241.144.135,20.27.133.165,4.241.144.136,4.241.144.150,4.241.144.158,4.241.144.179,4.241.144.187,4.241.144.199,4.241.144.219,4.241.144.235,4.241.144.237,4.241.144.242,4.241.144.249,4.241.144.252,20.27.135.16,20.27.135.198,4.241.145.19,20.27.135.194,20.27.135.246,4.241.145.67,20.27.135.253,4.241.145.74,4.241.145.78,20.210.64.10",
            "resource_group_name": "DEFinal",
            "site_config": [
              {
                "acr_use_managed_identity_credentials": false,
                "acr_user_managed_identity_client_id": "",
                "always_on": true,
                "app_command_line": "",
                "auto_swap_slot_name": "",
                "cors": [
                  {
                    "allowed_origins": [],
                    "support_credentials": false
                  }
                ],
                "default_documents": null,
                "dotnet_framework_version": "v4.0",
                "ftps_state": "FtpsOnly",
                "health_check_path": "",
                "http2_enabled": false,
                "ip_restriction": [],
                "java_container": "",
                "java_container_version": "",
                "java_version": "",
                "linux_fx_version": "DOCKER|shawir/nbastats:final",
                "local_mysql_enabled": false,
                "managed_pipeline_mode": "Integrated",
                "min_tls_version": "1.2",
                "number_of_workers": 1,
                "php_version": "",
                "python_version": "",
                "remote_debugging_enabled": false,
                "remote_debugging_version": "VS2019",
                "scm_ip_restriction": [],
                "scm_type": "None",
                "scm_use_main_ip_restriction": false,
                "use_32_bit_worker_process": false,
                "vnet_route_all_enabled": false,
                "websockets_enabled": false,
                "windows_fx_version": ""
              }
            ],
            "site_credential": [
              {
                "password": "W1cxG9iGMdtGifTFdGxe72iZSyb7BM783jKkxcDbLMDXmWLDdcT4jE7ozQW2",
                "username": "$NBAStatsDash"
              }
            ],
            "source_control": [
              {
                "branch": "main",
                "manual_integration": false,
                "repo_url": "",
                "rollback_enabled": false,
                "use_mercurial": false
              }
            ],
            "storage_account": [],
            "tags": null,
            "timeouts": null
          },
          "sensitive_attributes": [],
          "private": "eyJlMmJmYjczMC1lY2FhLTExZTYtOGY4OC0zNDM2M2JjN2M0YzAiOnsiY3JlYXRlIjoxODAwMDAwMDAwMDAwLCJkZWxldGUiOjE4MDAwMDAwMDAwMDAsInJlYWQiOjMwMDAwMDAwMDAwMCwidXBkYXRlIjoxODAwMDAwMDAwMDAwfX0=",
          "dependencies": [
            "azurerm_app_service_plan.appserviceplan",
            "azurerm_resource_group.rg_final"
          ]
        }
      ]
    },
    {
      "mode": "managed",
      "type": "azurerm_app_service_plan",
      "name": "appserviceplan",
      "provider": "provider[\"registry.terraform.io/hashicorp/azurerm\"]",
      "instances": [
        {
          "schema_version": 0,
          "attributes": {
            "app_service_environment_id": "",
            "id": "/subscriptions/e056be9e-483c-45f4-88aa-f779c1651c77/resourceGroups/DEFinal/providers/Microsoft.Web/serverfarms/FinalDataEngineering2023OsamaAhmed",
            "is_xenon": false,
            "kind": "linux",
            "location": "japaneast",
            "maximum_elastic_worker_count": 1,
            "maximum_number_of_workers": 30,
            "name": "FinalDataEngineering2023OsamaAhmed",
            "per_site_scaling": false,
            "reserved": true,
            "resource_group_name": "DEFinal",
            "sku": [
              {
                "capacity": 1,
                "size": "P1v3",
                "tier": "PremiumV3"
              }
            ],
            "tags": null,
            "timeouts": null,
            "zone_redundant": false
          },
          "sensitive_attributes": [],
          "private": "eyJlMmJmYjczMC1lY2FhLTExZTYtOGY4OC0zNDM2M2JjN2M0YzAiOnsiY3JlYXRlIjozNjAwMDAwMDAwMDAwLCJkZWxldGUiOjM2MDAwMDAwMDAwMDAsInJlYWQiOjMwMDAwMDAwMDAwMCwidXBkYXRlIjozNjAwMDAwMDAwMDAwfX0=",
          "dependencies": [
            "azurerm_resource_group.rg_final"
          ]
        }
      ]
    },
    {
      "mode": "managed",
      "type": "azurerm_resource_group",
      "name": "rg_final",
      "provider": "provider[\"registry.terraform.io/hashicorp/azurerm\"]",
      "instances": [
        {
          "schema_version": 0,
          "attributes": {
            "id": "/subscriptions/e056be9e-483c-45f4-88aa-f779c1651c77/resourceGroups/DEFinal",
            "location": "japaneast",
            "name": "DEFinal",
            "tags": null,
            "timeouts": null
          },
          "sensitive_attributes": [],
          "private": "eyJlMmJmYjczMC1lY2FhLTExZTYtOGY4OC0zNDM2M2JjN2M0YzAiOnsiY3JlYXRlIjo1NDAwMDAwMDAwMDAwLCJkZWxldGUiOjU0MDAwMDAwMDAwMDAsInJlYWQiOjMwMDAwMDAwMDAwMCwidXBkYXRlIjo1NDAwMDAwMDAwMDAwfX0="
        }
      ]
    }
  ],
  "check_results": null
}
